{
  "nodes": {
    "nixpkgs": {
      "locked": {
        "lastModified": 1756736803,
        "narHash": "sha256-+MaZr8xACg7Dc5qRIX0eYtFmGdABZklCu26G1SyAqqI=",
        "owner": "NixOS",
        "repo": "nixpkgs",
        "rev": "b30991323e6b6bf0c489cf95bc835cd9e6735c40",
        "type": "github"
      },
      "original": {
        "owner": "NixOS",
        "repo": "nixpkgs",
        "type": "github"
      }
    },
    "root": {
      "inputs": {
        "nixpkgs": "nixpkgs"
      }
    }
  },
  "root": "root",
  "version": 7
}
