{
  "nodes": {
    "nixpkgs": {
      "locked": {
        "lastModified": 1745496492,
        "narHash": "sha256-rhy5bWc1Zg526tS+ZWv4E3apvP/otawi9InHdkdqXn4=",
        "owner": "NixOS",
        "repo": "nixpkgs",
        "rev": "9e2987c476ab5ed3f2db3154a45856132288547f",
        "type": "github"
      },
      "original": {
        "owner": "NixOS",
        "repo": "nixpkgs",
        "type": "github"
      }
    },
    "root": {
      "inputs": {
        "nixpkgs": "nixpkgs"
      }
    }
  },
  "root": "root",
  "version": 7
}
