# THIS IS AN AUTOGENERATED FILE. DO NOT EDIT THIS FILE DIRECTLY.
# yarn lockfile v1


"@feathersjs/commons@^4.5.2":
  version "4.5.2"
  resolved "https://registry.yarnpkg.com/@feathersjs/commons/-/commons-4.5.2.tgz#86321aa7b6294bddbab550ffcce79633039940be"
  integrity sha512-nlgDnM4wxjJdernzNjDMn592H6YKKOhnwFOAkM7rJvFU/qfagBJtbFh1Q4ylRhMd+zK0u/Dg2nV3D5GxJNyDBA==

"@feathersjs/feathers@^4.5.2":
  version "4.5.2"
  resolved "https://registry.yarnpkg.com/@feathersjs/feathers/-/feathers-4.5.2.tgz#8ba49863b15eff5d346ccb920115ec5e57907a39"
  integrity sha512-wkT8F5K00/wTmUuWayNmOWnyLSbhvhr20aHOkTdWu+TUS12LLvpwcZtZdT0ARWQdG9GUo7Z+oA8JCQp07RwQag==
  dependencies:
    "@feathersjs/commons" "^4.5.2"
    debug "^4.1.1"
    events "^3.1.0"
    uberproto "^2.0.6"

arg@^4.1.0:
  version "4.1.3"
  resolved "https://registry.yarnpkg.com/arg/-/arg-4.1.3.tgz#269fc7ad5b8e42cb63c896d5666017261c144089"
  integrity sha512-58S9QDqG0Xx27YwPSt9fJxivjYl432YCwfDMfZ+71RAqUrZef7LrKQZ3LHLOwCS4FLNBplP533Zx895SeOCHvA==

buffer-from@^1.0.0:
  version "1.1.1"
  resolved "https://registry.yarnpkg.com/buffer-from/-/buffer-from-1.1.1.tgz#32713bc028f75c02fdb710d7c7bcec1f2c6070ef"
  integrity sha512-MQcXEUbCKtEo7bhqEs6560Hyd4XaovZlO/k9V3hjVUF/zwW7KBVdSK4gIt/bzwS9MbR5qob+F5jusZsb0YQK2A==

debug@^4.1.1:
  version "4.1.1"
  resolved "https://registry.yarnpkg.com/debug/-/debug-4.1.1.tgz#3b72260255109c6b589cee050f1d516139664791"
  integrity sha512-pYAIzeRo8J6KPEaJ0VWOh5Pzkbw/RetuzehGM7QRRX5he4fPHx2rdKMB256ehJCkX+XRQm16eZLqLNS8RSZXZw==
  dependencies:
    ms "^2.1.1"

diff@^4.0.1:
  version "4.0.2"
  resolved "https://registry.yarnpkg.com/diff/-/diff-4.0.2.tgz#60f3aecb89d5fae520c11aa19efc2bb982aade7d"
  integrity sha512-58lmxKSA4BNyLz+HHMUzlOEpg09FV+ev6ZMe3vJihgdxzgcwZ8VoEEPmALCZG9LmqfVoNMMKpttIYTVG6uDY7A==

events@^3.1.0:
  version "3.1.0"
  resolved "https://registry.yarnpkg.com/events/-/events-3.1.0.tgz#84279af1b34cb75aa88bf5ff291f6d0bd9b31a59"
  integrity sha512-Rv+u8MLHNOdMjTAFeT3nCjHn2aGlx435FP/sDHNaRhDEMwyI/aB22Kj2qIN8R0cw3z28psEQLYwxVKLsKrMgWg==

make-error@^1.1.1:
  version "1.3.6"
  resolved "https://registry.yarnpkg.com/make-error/-/make-error-1.3.6.tgz#2eb2e37ea9b67c4891f684a1394799af484cf7a2"
  integrity sha512-s8UhlNe7vPKomQhC1qFelMokr/Sc3AgNbso3n74mVPA5LTZwkB9NlXf4XPamLxJE8h0gh73rM94xvwRT2CVInw==

ms@^2.1.1:
  version "2.1.2"
  resolved "https://registry.yarnpkg.com/ms/-/ms-2.1.2.tgz#d09d1f357b443f493382a8eb3ccd183872ae6009"
  integrity sha512-sGkPx+VjMtmA6MX27oA4FBFELFCZZ4S4XqeGOXCv68tT+jb3vk/RyaKWP0PTKyWtmLSM0b+adUTEvbs1PEaH2w==

source-map-support@^0.5.6:
  version "0.5.16"
  resolved "https://registry.yarnpkg.com/source-map-support/-/source-map-support-0.5.16.tgz#0ae069e7fe3ba7538c64c98515e35339eac5a042"
  integrity sha512-efyLRJDr68D9hBBNIPWFjhpFzURh+KJykQwvMyW5UiZzYwoF6l4YMMDIJJEyFWxWCqfyxLzz6tSfUFR+kXXsVQ==
  dependencies:
    buffer-from "^1.0.0"
    source-map "^0.6.0"

source-map@^0.6.0:
  version "0.6.1"
  resolved "https://registry.yarnpkg.com/source-map/-/source-map-0.6.1.tgz#74722af32e9614e9c287a8d0bbde48b5e2f1a263"
  integrity sha512-UjgapumWlbMhkBgzT7Ykc5YXUT46F0iKu8SGXq0bcwP5dz/h0Plj6enJqjz1Zbq2l5WaqYnrVbwWOWMyF3F47g==

ts-node@^8.7.0:
  version "8.7.0"
  resolved "https://registry.yarnpkg.com/ts-node/-/ts-node-8.7.0.tgz#266186947596bef9f3a034687595b30e31b20976"
  integrity sha512-s659CsHrsxaRVDEleuOkGvbsA0rWHtszUNEt1r0CgAFN5ZZTQtDzpsluS7W5pOGJIa1xZE8R/zK4dEs+ldFezg==
  dependencies:
    arg "^4.1.0"
    diff "^4.0.1"
    make-error "^1.1.1"
    source-map-support "^0.5.6"
    yn "3.1.1"

uberproto@^2.0.6:
  version "2.0.6"
  resolved "https://registry.yarnpkg.com/uberproto/-/uberproto-2.0.6.tgz#709274d183bce6fb734dfd3880d2086ed72b69e5"
  integrity sha512-68H97HffZoFaa3HFtpstahWorN9dSp5uTU6jo3GjIQ6JkJBR3hC2Nx/e/HFOoYHdUyT/Z1MRWfxN1EiQJZUyCQ==

yn@3.1.1:
  version "3.1.1"
  resolved "https://registry.yarnpkg.com/yn/-/yn-3.1.1.tgz#1e87401a09d767c1d5eab26a6e4c185182d2eb50"
  integrity sha512-Ux4ygGWsu2c7isFWe8Yu1YluJmqVhxqK2cLXNQA5AcC3QfbGNpM7fu0Y8b/z16pXLnFxZYvWhd3fhBY9DLmC6Q==
